
Microsoft Visual Studio Solution File, Format Version 12.00
# Visual Studio Version 17
VisualStudioVersion = 17.5.33424.131
MinimumVisualStudioVersion = 10.0.40219.1
Project("{FAE04EC0-301F-11D3-BF4B-00C04F79EFBC}") = "teste", "teste\teste.csproj", "{AB094E07-CB43-4853-A6B3-26E38DC513FE}"
EndProject
Global
	GlobalSection(SolutionConfigurationPlatforms) = preSolution
		Debug|Any CPU = Debug|Any CPU
		Release|Any CPU = Release|Any CPU
	EndGlobalSection
	GlobalSection(ProjectConfigurationPlatforms) = postSolution
		{AB094E07-CB43-4853-A6B3-26E38DC513FE}.Debug|Any CPU.ActiveCfg = Debug|Any CPU
		{AB094E07-CB43-4853-A6B3-26E38DC513FE}.Debug|Any CPU.Build.0 = Debug|Any CPU
		{AB094E07-CB43-4853-A6B3-26E38DC513FE}.Release|Any CPU.ActiveCfg = Release|Any CPU
		{AB094E07-CB43-4853-A6B3-26E38DC513FE}.Release|Any CPU.Build.0 = Release|Any CPU
	EndGlobalSection
	GlobalSection(SolutionProperties) = preSolution
		HideSolutionNode = FALSE
	EndGlobalSection
	GlobalSection(ExtensibilityGlobals) = postSolution
		SolutionGuid = {01E01B05-E637-42CD-AEB5-9961EA542D46}
	EndGlobalSection
EndGlobal
